
Microsoft Visual Studio Solution File, Format Version 12.00
# Visual Studio 15
VisualStudioVersion = 15.0.28307.705
MinimumVisualStudioVersion = 10.0.40219.1
Project("{FAE04EC0-301F-11D3-BF4B-00C04F79EFBC}") = "ThreadsPractice", "ThreadsPractice\ThreadsPractice.csproj", "{07CB2CCA-67CE-4AA0-840C-34CCFA26629B}"
EndProject
Global
	GlobalSection(SolutionConfigurationPlatforms) = preSolution
		Debug|Any CPU = Debug|Any CPU
		Release|Any CPU = Release|Any CPU
	EndGlobalSection
	GlobalSection(ProjectConfigurationPlatforms) = postSolution
		{07CB2CCA-67CE-4AA0-840C-34CCFA26629B}.Debug|Any CPU.ActiveCfg = Debug|Any CPU
		{07CB2CCA-67CE-4AA0-840C-34CCFA26629B}.Debug|Any CPU.Build.0 = Debug|Any CPU
		{07CB2CCA-67CE-4AA0-840C-34CCFA26629B}.Release|Any CPU.ActiveCfg = Release|Any CPU
		{07CB2CCA-67CE-4AA0-840C-34CCFA26629B}.Release|Any CPU.Build.0 = Release|Any CPU
	EndGlobalSection
	GlobalSection(SolutionProperties) = preSolution
		HideSolutionNode = FALSE
	EndGlobalSection
	GlobalSection(ExtensibilityGlobals) = postSolution
		SolutionGuid = {89CA0B00-58C4-4BB7-8FE3-8BED5BB01E33}
	EndGlobalSection
EndGlobal
